
Microsoft Visual Studio Solution File, Format Version 12.00
# Visual Studio 2013
VisualStudioVersion = 12.0.21005.1
MinimumVisualStudioVersion = 10.0.40219.1
Project("{FAE04EC0-301F-11D3-BF4B-00C04F79EFBC}") = "Solid.Import", "Solid\Solid.Import.csproj", "{88C74DA3-E056-4C9A-9FCA-CEDE48F179CE}"
EndProject
Project("{FAE04EC0-301F-11D3-BF4B-00C04F79EFBC}") = "Solid.Import.Refactored", "Solid.Import.Refactored\Solid.Import.Refactored.csproj", "{CF32D0D9-A4C1-44AD-AE42-AAF6E3832370}"
EndProject
Project("{FAE04EC0-301F-11D3-BF4B-00C04F79EFBC}") = "Solid.Import.Refactored.SRP", "Solid.Import.Refactored.SRP\Solid.Import.Refactored.SRP.csproj", "{41104D12-623B-4FA5-A91E-A434F41E641D}"
EndProject
Project("{FAE04EC0-301F-11D3-BF4B-00C04F79EFBC}") = "Solid.Import.SRP", "Solid.Import.SRP\Solid.Import.SRP.csproj", "{65C3380A-6743-42FB-A804-8E2D2A42E23E}"
EndProject
Project("{FAE04EC0-301F-11D3-BF4B-00C04F79EFBC}") = "Solid.Import.OCP", "Solid.Import.OCP\Solid.Import.OCP.csproj", "{3347B03E-6BA6-4C8E-83D4-03C3BD109935}"
EndProject
Project("{2150E333-8FDC-42A3-9474-1A3956D46DE8}") = "01", "01", "{B18B70D1-122D-4438-90AC-57623046E5D2}"
EndProject
Project("{2150E333-8FDC-42A3-9474-1A3956D46DE8}") = "02", "02", "{7EFE760F-548E-49C5-951A-7655A907C4A5}"
EndProject
Project("{2150E333-8FDC-42A3-9474-1A3956D46DE8}") = "03", "03", "{0905D0BC-DF3E-42F5-AEE2-A377798753CA}"
EndProject
Project("{2150E333-8FDC-42A3-9474-1A3956D46DE8}") = "04", "04", "{43D43835-BAFC-4C4E-B0A2-804500C33165}"
EndProject
Project("{2150E333-8FDC-42A3-9474-1A3956D46DE8}") = "05", "05", "{49C723E1-7D85-4504-A161-8D9530E6629D}"
EndProject
Project("{2150E333-8FDC-42A3-9474-1A3956D46DE8}") = "06", "06", "{C4347BF2-4434-4CAA-B9C3-53EB6360F7C8}"
EndProject
Project("{FAE04EC0-301F-11D3-BF4B-00C04F79EFBC}") = "Solid.Import.DI", "Solid.Import.DI\Solid.Import.DI.csproj", "{04CC205D-B67C-42CA-831B-4134FFD13586}"
EndProject
Project("{FAE04EC0-301F-11D3-BF4B-00C04F79EFBC}") = "Solid.Import.DI.Tests", "Solid.Import.DI.Tests\Solid.Import.DI.Tests.csproj", "{740B768E-B377-491B-8A19-E40B2662B926}"
EndProject
Project("{2150E333-8FDC-42A3-9474-1A3956D46DE8}") = "o7", "o7", "{3CD1A3CE-56B1-48F5-9E15-BAF0C273A34A}"
EndProject
Project("{FAE04EC0-301F-11D3-BF4B-00C04F79EFBC}") = "Solid.Import.DI.Client", "Solid.Import.DI.Client\Solid.Import.DI.Client.csproj", "{9695BF6E-9C87-4D68-8072-8CC5BBF02F30}"
EndProject
Global
	GlobalSection(SolutionConfigurationPlatforms) = preSolution
		Debug|Any CPU = Debug|Any CPU
		Release|Any CPU = Release|Any CPU
	EndGlobalSection
	GlobalSection(ProjectConfigurationPlatforms) = postSolution
		{88C74DA3-E056-4C9A-9FCA-CEDE48F179CE}.Debug|Any CPU.ActiveCfg = Debug|Any CPU
		{88C74DA3-E056-4C9A-9FCA-CEDE48F179CE}.Debug|Any CPU.Build.0 = Debug|Any CPU
		{88C74DA3-E056-4C9A-9FCA-CEDE48F179CE}.Release|Any CPU.ActiveCfg = Release|Any CPU
		{88C74DA3-E056-4C9A-9FCA-CEDE48F179CE}.Release|Any CPU.Build.0 = Release|Any CPU
		{CF32D0D9-A4C1-44AD-AE42-AAF6E3832370}.Debug|Any CPU.ActiveCfg = Debug|Any CPU
		{CF32D0D9-A4C1-44AD-AE42-AAF6E3832370}.Debug|Any CPU.Build.0 = Debug|Any CPU
		{CF32D0D9-A4C1-44AD-AE42-AAF6E3832370}.Release|Any CPU.ActiveCfg = Release|Any CPU
		{CF32D0D9-A4C1-44AD-AE42-AAF6E3832370}.Release|Any CPU.Build.0 = Release|Any CPU
		{41104D12-623B-4FA5-A91E-A434F41E641D}.Debug|Any CPU.ActiveCfg = Debug|Any CPU
		{41104D12-623B-4FA5-A91E-A434F41E641D}.Debug|Any CPU.Build.0 = Debug|Any CPU
		{41104D12-623B-4FA5-A91E-A434F41E641D}.Release|Any CPU.ActiveCfg = Release|Any CPU
		{41104D12-623B-4FA5-A91E-A434F41E641D}.Release|Any CPU.Build.0 = Release|Any CPU
		{65C3380A-6743-42FB-A804-8E2D2A42E23E}.Debug|Any CPU.ActiveCfg = Debug|Any CPU
		{65C3380A-6743-42FB-A804-8E2D2A42E23E}.Debug|Any CPU.Build.0 = Debug|Any CPU
		{65C3380A-6743-42FB-A804-8E2D2A42E23E}.Release|Any CPU.ActiveCfg = Release|Any CPU
		{65C3380A-6743-42FB-A804-8E2D2A42E23E}.Release|Any CPU.Build.0 = Release|Any CPU
		{3347B03E-6BA6-4C8E-83D4-03C3BD109935}.Debug|Any CPU.ActiveCfg = Debug|Any CPU
		{3347B03E-6BA6-4C8E-83D4-03C3BD109935}.Debug|Any CPU.Build.0 = Debug|Any CPU
		{3347B03E-6BA6-4C8E-83D4-03C3BD109935}.Release|Any CPU.ActiveCfg = Release|Any CPU
		{3347B03E-6BA6-4C8E-83D4-03C3BD109935}.Release|Any CPU.Build.0 = Release|Any CPU
		{04CC205D-B67C-42CA-831B-4134FFD13586}.Debug|Any CPU.ActiveCfg = Debug|Any CPU
		{04CC205D-B67C-42CA-831B-4134FFD13586}.Debug|Any CPU.Build.0 = Debug|Any CPU
		{04CC205D-B67C-42CA-831B-4134FFD13586}.Release|Any CPU.ActiveCfg = Release|Any CPU
		{04CC205D-B67C-42CA-831B-4134FFD13586}.Release|Any CPU.Build.0 = Release|Any CPU
		{740B768E-B377-491B-8A19-E40B2662B926}.Debug|Any CPU.ActiveCfg = Debug|Any CPU
		{740B768E-B377-491B-8A19-E40B2662B926}.Debug|Any CPU.Build.0 = Debug|Any CPU
		{740B768E-B377-491B-8A19-E40B2662B926}.Release|Any CPU.ActiveCfg = Release|Any CPU
		{740B768E-B377-491B-8A19-E40B2662B926}.Release|Any CPU.Build.0 = Release|Any CPU
		{9695BF6E-9C87-4D68-8072-8CC5BBF02F30}.Debug|Any CPU.ActiveCfg = Debug|Any CPU
		{9695BF6E-9C87-4D68-8072-8CC5BBF02F30}.Debug|Any CPU.Build.0 = Debug|Any CPU
		{9695BF6E-9C87-4D68-8072-8CC5BBF02F30}.Release|Any CPU.ActiveCfg = Release|Any CPU
		{9695BF6E-9C87-4D68-8072-8CC5BBF02F30}.Release|Any CPU.Build.0 = Release|Any CPU
	EndGlobalSection
	GlobalSection(SolutionProperties) = preSolution
		HideSolutionNode = FALSE
	EndGlobalSection
	GlobalSection(NestedProjects) = preSolution
		{88C74DA3-E056-4C9A-9FCA-CEDE48F179CE} = {B18B70D1-122D-4438-90AC-57623046E5D2}
		{CF32D0D9-A4C1-44AD-AE42-AAF6E3832370} = {7EFE760F-548E-49C5-951A-7655A907C4A5}
		{41104D12-623B-4FA5-A91E-A434F41E641D} = {0905D0BC-DF3E-42F5-AEE2-A377798753CA}
		{65C3380A-6743-42FB-A804-8E2D2A42E23E} = {43D43835-BAFC-4C4E-B0A2-804500C33165}
		{3347B03E-6BA6-4C8E-83D4-03C3BD109935} = {49C723E1-7D85-4504-A161-8D9530E6629D}
		{04CC205D-B67C-42CA-831B-4134FFD13586} = {C4347BF2-4434-4CAA-B9C3-53EB6360F7C8}
		{740B768E-B377-491B-8A19-E40B2662B926} = {C4347BF2-4434-4CAA-B9C3-53EB6360F7C8}
		{9695BF6E-9C87-4D68-8072-8CC5BBF02F30} = {C4347BF2-4434-4CAA-B9C3-53EB6360F7C8}
	EndGlobalSection
EndGlobal
